{
  "name": "assets",
  "lockfileVersion": 3,
  "requires": true,
  "packages": {
    "": {
      "devDependencies": {
        "daisyui": "^5.7.38"
      }
    },
    "node_modules/daisyui": {
      "version": "5.7.38",
      "resolved": "https://registry.npmjs.org/daisyui/-/daisyui-5.7.38.tgz",
      "integrity": "sha512-ef3RIbteKVmlQ10ak0l4mu8F70pBJ2UBjDJNsA2vWlpNdErpHqfxddxK2ckNNYd7vQvTqP4a1A1vSsunlCGVOw==",
      "dev": true,
      "license": "MIT",
      "funding": {
        "url": "https://github.com/saadeghi/daisyui?sponsor=1"
      }
    }
  }
}
